
Microsoft Visual Studio Solution File, Format Version 12.00
# Visual Studio Version 17
VisualStudioVersion = 17.4.33110.190
MinimumVisualStudioVersion = 10.0.40219.1
Project("{9A19103F-16F7-4668-BE54-9A1E7A4F7556}") = "TerraTranslate", "TerraTranslate.csproj", "{FF9DC894-D48D-4ADB-B28D-49BDE778BF4D}"
EndProject
Global
	GlobalSection(SolutionConfigurationPlatforms) = preSolution
		Debug|Any CPU = Debug|Any CPU
		Debug|x64 = Debug|x64
		Release|Any CPU = Release|Any CPU
		Release|x64 = Release|x64
	EndGlobalSection
	GlobalSection(ProjectConfigurationPlatforms) = postSolution
		{FF9DC894-D48D-4ADB-B28D-49BDE778BF4D}.Debug|Any CPU.ActiveCfg = Debug|Any CPU
		{FF9DC894-D48D-4ADB-B28D-49BDE778BF4D}.Debug|Any CPU.Build.0 = Debug|Any CPU
		{FF9DC894-D48D-4ADB-B28D-49BDE778BF4D}.Debug|x64.ActiveCfg = Debug|x64
		{FF9DC894-D48D-4ADB-B28D-49BDE778BF4D}.Debug|x64.Build.0 = Debug|x64
		{FF9DC894-D48D-4ADB-B28D-49BDE778BF4D}.Release|Any CPU.ActiveCfg = Release|Any CPU
		{FF9DC894-D48D-4ADB-B28D-49BDE778BF4D}.Release|Any CPU.Build.0 = Release|Any CPU
		{FF9DC894-D48D-4ADB-B28D-49BDE778BF4D}.Release|x64.ActiveCfg = Release|x64
		{FF9DC894-D48D-4ADB-B28D-49BDE778BF4D}.Release|x64.Build.0 = Release|x64
	EndGlobalSection
	GlobalSection(SolutionProperties) = preSolution
		HideSolutionNode = FALSE
	EndGlobalSection
	GlobalSection(ExtensibilityGlobals) = postSolution
		SolutionGuid = {12253417-4033-4A30-83AE-C2E71DD47AAE}
	EndGlobalSection
EndGlobal
